
Microsoft Visual Studio Solution File, Format Version 12.00
# Visual Studio Version 17
VisualStudioVersion = 17.10.35027.167
MinimumVisualStudioVersion = 10.0.40219.1
Project("{FAE04EC0-301F-11D3-BF4B-00C04F79EFBC}") = "CinemaSystem", "CinemaSystem\CinemaSystem.csproj", "{F50C5814-107E-4558-9E3F-0B094DDCC326}"
EndProject
Project("{FAE04EC0-301F-11D3-BF4B-00C04F79EFBC}") = "Business", "Business\Business.csproj", "{BC5C8638-D62C-4F5B-98B8-3FF27B82B32E}"
EndProject
Project("{FAE04EC0-301F-11D3-BF4B-00C04F79EFBC}") = "Core", "Core\Core.csproj", "{9F667600-7073-4A5E-BEC2-4CD7A7EAB38A}"
EndProject
Project("{FAE04EC0-301F-11D3-BF4B-00C04F79EFBC}") = "DataAccess", "DataAccess\DataAccess.csproj", "{B793D6C1-8AF6-406A-B3F7-73A556E1B72B}"
EndProject
Project("{FAE04EC0-301F-11D3-BF4B-00C04F79EFBC}") = "Entities", "Entities\Entities.csproj", "{F28B027E-D73A-42E3-8B9C-35617509DADB}"
EndProject
Global
	GlobalSection(SolutionConfigurationPlatforms) = preSolution
		Debug|Any CPU = Debug|Any CPU
		Release|Any CPU = Release|Any CPU
	EndGlobalSection
	GlobalSection(ProjectConfigurationPlatforms) = postSolution
		{F50C5814-107E-4558-9E3F-0B094DDCC326}.Debug|Any CPU.ActiveCfg = Debug|Any CPU
		{F50C5814-107E-4558-9E3F-0B094DDCC326}.Debug|Any CPU.Build.0 = Debug|Any CPU
		{F50C5814-107E-4558-9E3F-0B094DDCC326}.Release|Any CPU.ActiveCfg = Release|Any CPU
		{F50C5814-107E-4558-9E3F-0B094DDCC326}.Release|Any CPU.Build.0 = Release|Any CPU
		{BC5C8638-D62C-4F5B-98B8-3FF27B82B32E}.Debug|Any CPU.ActiveCfg = Debug|Any CPU
		{BC5C8638-D62C-4F5B-98B8-3FF27B82B32E}.Debug|Any CPU.Build.0 = Debug|Any CPU
		{BC5C8638-D62C-4F5B-98B8-3FF27B82B32E}.Release|Any CPU.ActiveCfg = Release|Any CPU
		{BC5C8638-D62C-4F5B-98B8-3FF27B82B32E}.Release|Any CPU.Build.0 = Release|Any CPU
		{9F667600-7073-4A5E-BEC2-4CD7A7EAB38A}.Debug|Any CPU.ActiveCfg = Debug|Any CPU
		{9F667600-7073-4A5E-BEC2-4CD7A7EAB38A}.Debug|Any CPU.Build.0 = Debug|Any CPU
		{9F667600-7073-4A5E-BEC2-4CD7A7EAB38A}.Release|Any CPU.ActiveCfg = Release|Any CPU
		{9F667600-7073-4A5E-BEC2-4CD7A7EAB38A}.Release|Any CPU.Build.0 = Release|Any CPU
		{B793D6C1-8AF6-406A-B3F7-73A556E1B72B}.Debug|Any CPU.ActiveCfg = Debug|Any CPU
		{B793D6C1-8AF6-406A-B3F7-73A556E1B72B}.Debug|Any CPU.Build.0 = Debug|Any CPU
		{B793D6C1-8AF6-406A-B3F7-73A556E1B72B}.Release|Any CPU.ActiveCfg = Release|Any CPU
		{B793D6C1-8AF6-406A-B3F7-73A556E1B72B}.Release|Any CPU.Build.0 = Release|Any CPU
		{F28B027E-D73A-42E3-8B9C-35617509DADB}.Debug|Any CPU.ActiveCfg = Debug|Any CPU
		{F28B027E-D73A-42E3-8B9C-35617509DADB}.Debug|Any CPU.Build.0 = Debug|Any CPU
		{F28B027E-D73A-42E3-8B9C-35617509DADB}.Release|Any CPU.ActiveCfg = Release|Any CPU
		{F28B027E-D73A-42E3-8B9C-35617509DADB}.Release|Any CPU.Build.0 = Release|Any CPU
	EndGlobalSection
	GlobalSection(SolutionProperties) = preSolution
		HideSolutionNode = FALSE
	EndGlobalSection
	GlobalSection(ExtensibilityGlobals) = postSolution
		SolutionGuid = {1F8F19A8-11C1-4565-841B-3BFCB8231BA5}
	EndGlobalSection
EndGlobal
